
Microsoft Visual Studio Solution File, Format Version 12.00
# Visual Studio Version 17
VisualStudioVersion = 17.6.33723.286
MinimumVisualStudioVersion = 10.0.40219.1
Project("{9A19103F-16F7-4668-BE54-9A1E7A4F7556}") = "DPAll", "DPAll.csproj", "{0EEEFC73-3101-455D-A6E9-D6663DB0EA3F}"
EndProject
Project("{2150E333-8FDC-42A3-9474-1A3956D46DE8}") = "Creational Pattern", "Creational Pattern", "{91E2C1A0-BC83-482F-A2CE-6F6FFB6B1A9F}"
EndProject
Project("{2150E333-8FDC-42A3-9474-1A3956D46DE8}") = "Structure Patterns", "Structure Patterns", "{A23D5D2E-CB21-4B29-BF5F-721AA7D70FE7}"
EndProject
Project("{2150E333-8FDC-42A3-9474-1A3956D46DE8}") = "Behavior Patterns", "Behavior Patterns", "{866D5AED-EC51-44D9-9A93-74E55B705ACA}"
EndProject
Project("{9A19103F-16F7-4668-BE54-9A1E7A4F7556}") = "Behavior_Strategy", "..\Behavior Patterns\Behavior_Strategy\Behavior_Strategy.csproj", "{BD8689DF-E920-4ECB-A36F-11422E2C9635}"
EndProject
Project("{9A19103F-16F7-4668-BE54-9A1E7A4F7556}") = "Factory", "..\Creational Patterns\Factory\Factory.csproj", "{6F8CD3FC-9DCE-46B8-A708-035F88579A3F}"
EndProject
Project("{9A19103F-16F7-4668-BE54-9A1E7A4F7556}") = "AbstractFactory", "..\Creational Patterns\AbstractFactory\AbstractFactory.csproj", "{3A8BED35-18E4-4D29-BD8B-92B494D50AD4}"
EndProject
Project("{9A19103F-16F7-4668-BE54-9A1E7A4F7556}") = "Flyweight", "..\Structure Patterns\Flyweight\Flyweight.csproj", "{E748AB8B-B297-4163-BACD-270F919CF07D}"
EndProject
Project("{9A19103F-16F7-4668-BE54-9A1E7A4F7556}") = "Composite", "..\Structure Patterns\Composite\Composite.csproj", "{1E61882D-A89C-448A-8914-8F997CE168BE}"
EndProject
Project("{9A19103F-16F7-4668-BE54-9A1E7A4F7556}") = "Builder", "..\Creational Patterns\Builder\Builder\Builder.csproj", "{ED21942B-AD75-4463-A39D-457B83FBDF0D}"
EndProject
Project("{9A19103F-16F7-4668-BE54-9A1E7A4F7556}") = "Prototype_CLONE", "..\Creational Patterns\Prototype_CLONE\Prototype_CLONE.csproj", "{8D442AC2-A638-4522-B6F3-9F7AF334A973}"
EndProject
Project("{9A19103F-16F7-4668-BE54-9A1E7A4F7556}") = "Singleton", "..\Creational Patterns\Singleton\Singleton.csproj", "{719EECBA-18B5-468A-B292-4BC12DCCD333}"
EndProject
Project("{9A19103F-16F7-4668-BE54-9A1E7A4F7556}") = "Adapter_Wrapper", "..\Structure Patterns\Adapter_Wrapper\Adapter_Wrapper.csproj", "{5F97E67C-C63F-42CB-A57C-6AB7F3BDE728}"
EndProject
Project("{9A19103F-16F7-4668-BE54-9A1E7A4F7556}") = "Decorator_Wrapper", "..\Structure Patterns\Decorator_Wrapper\Decorator_Wrapper.csproj", "{50D348A3-4B05-4125-86D5-3397339BD910}"
EndProject
Project("{FAE04EC0-301F-11D3-BF4B-00C04F79EFBC}") = "Facade", "..\Structure Patterns\Facade\Facade.csproj", "{A065A122-43FE-4797-A20A-A10E15B16E2D}"
EndProject
Project("{FAE04EC0-301F-11D3-BF4B-00C04F79EFBC}") = "Proxy", "..\Structure Patterns\Proxy\Proxy.csproj", "{0D9E4269-ABC5-467B-B0C7-270D9F7D6F99}"
EndProject
Global
	GlobalSection(SolutionConfigurationPlatforms) = preSolution
		Debug|Any CPU = Debug|Any CPU
		Release|Any CPU = Release|Any CPU
	EndGlobalSection
	GlobalSection(ProjectConfigurationPlatforms) = postSolution
		{0EEEFC73-3101-455D-A6E9-D6663DB0EA3F}.Debug|Any CPU.ActiveCfg = Debug|Any CPU
		{0EEEFC73-3101-455D-A6E9-D6663DB0EA3F}.Debug|Any CPU.Build.0 = Debug|Any CPU
		{0EEEFC73-3101-455D-A6E9-D6663DB0EA3F}.Release|Any CPU.ActiveCfg = Release|Any CPU
		{0EEEFC73-3101-455D-A6E9-D6663DB0EA3F}.Release|Any CPU.Build.0 = Release|Any CPU
		{BD8689DF-E920-4ECB-A36F-11422E2C9635}.Debug|Any CPU.ActiveCfg = Debug|Any CPU
		{BD8689DF-E920-4ECB-A36F-11422E2C9635}.Debug|Any CPU.Build.0 = Debug|Any CPU
		{BD8689DF-E920-4ECB-A36F-11422E2C9635}.Release|Any CPU.ActiveCfg = Release|Any CPU
		{BD8689DF-E920-4ECB-A36F-11422E2C9635}.Release|Any CPU.Build.0 = Release|Any CPU
		{6F8CD3FC-9DCE-46B8-A708-035F88579A3F}.Debug|Any CPU.ActiveCfg = Debug|Any CPU
		{6F8CD3FC-9DCE-46B8-A708-035F88579A3F}.Debug|Any CPU.Build.0 = Debug|Any CPU
		{6F8CD3FC-9DCE-46B8-A708-035F88579A3F}.Release|Any CPU.ActiveCfg = Release|Any CPU
		{6F8CD3FC-9DCE-46B8-A708-035F88579A3F}.Release|Any CPU.Build.0 = Release|Any CPU
		{3A8BED35-18E4-4D29-BD8B-92B494D50AD4}.Debug|Any CPU.ActiveCfg = Debug|Any CPU
		{3A8BED35-18E4-4D29-BD8B-92B494D50AD4}.Debug|Any CPU.Build.0 = Debug|Any CPU
		{3A8BED35-18E4-4D29-BD8B-92B494D50AD4}.Release|Any CPU.ActiveCfg = Release|Any CPU
		{3A8BED35-18E4-4D29-BD8B-92B494D50AD4}.Release|Any CPU.Build.0 = Release|Any CPU
		{E748AB8B-B297-4163-BACD-270F919CF07D}.Debug|Any CPU.ActiveCfg = Debug|Any CPU
		{E748AB8B-B297-4163-BACD-270F919CF07D}.Debug|Any CPU.Build.0 = Debug|Any CPU
		{E748AB8B-B297-4163-BACD-270F919CF07D}.Release|Any CPU.ActiveCfg = Release|Any CPU
		{E748AB8B-B297-4163-BACD-270F919CF07D}.Release|Any CPU.Build.0 = Release|Any CPU
		{1E61882D-A89C-448A-8914-8F997CE168BE}.Debug|Any CPU.ActiveCfg = Debug|Any CPU
		{1E61882D-A89C-448A-8914-8F997CE168BE}.Debug|Any CPU.Build.0 = Debug|Any CPU
		{1E61882D-A89C-448A-8914-8F997CE168BE}.Release|Any CPU.ActiveCfg = Release|Any CPU
		{1E61882D-A89C-448A-8914-8F997CE168BE}.Release|Any CPU.Build.0 = Release|Any CPU
		{ED21942B-AD75-4463-A39D-457B83FBDF0D}.Debug|Any CPU.ActiveCfg = Debug|Any CPU
		{ED21942B-AD75-4463-A39D-457B83FBDF0D}.Debug|Any CPU.Build.0 = Debug|Any CPU
		{ED21942B-AD75-4463-A39D-457B83FBDF0D}.Release|Any CPU.ActiveCfg = Release|Any CPU
		{ED21942B-AD75-4463-A39D-457B83FBDF0D}.Release|Any CPU.Build.0 = Release|Any CPU
		{8D442AC2-A638-4522-B6F3-9F7AF334A973}.Debug|Any CPU.ActiveCfg = Debug|Any CPU
		{8D442AC2-A638-4522-B6F3-9F7AF334A973}.Debug|Any CPU.Build.0 = Debug|Any CPU
		{8D442AC2-A638-4522-B6F3-9F7AF334A973}.Release|Any CPU.ActiveCfg = Release|Any CPU
		{8D442AC2-A638-4522-B6F3-9F7AF334A973}.Release|Any CPU.Build.0 = Release|Any CPU
		{719EECBA-18B5-468A-B292-4BC12DCCD333}.Debug|Any CPU.ActiveCfg = Debug|Any CPU
		{719EECBA-18B5-468A-B292-4BC12DCCD333}.Debug|Any CPU.Build.0 = Debug|Any CPU
		{719EECBA-18B5-468A-B292-4BC12DCCD333}.Release|Any CPU.ActiveCfg = Release|Any CPU
		{719EECBA-18B5-468A-B292-4BC12DCCD333}.Release|Any CPU.Build.0 = Release|Any CPU
		{5F97E67C-C63F-42CB-A57C-6AB7F3BDE728}.Debug|Any CPU.ActiveCfg = Debug|Any CPU
		{5F97E67C-C63F-42CB-A57C-6AB7F3BDE728}.Debug|Any CPU.Build.0 = Debug|Any CPU
		{5F97E67C-C63F-42CB-A57C-6AB7F3BDE728}.Release|Any CPU.ActiveCfg = Release|Any CPU
		{5F97E67C-C63F-42CB-A57C-6AB7F3BDE728}.Release|Any CPU.Build.0 = Release|Any CPU
		{50D348A3-4B05-4125-86D5-3397339BD910}.Debug|Any CPU.ActiveCfg = Debug|Any CPU
		{50D348A3-4B05-4125-86D5-3397339BD910}.Debug|Any CPU.Build.0 = Debug|Any CPU
		{50D348A3-4B05-4125-86D5-3397339BD910}.Release|Any CPU.ActiveCfg = Release|Any CPU
		{50D348A3-4B05-4125-86D5-3397339BD910}.Release|Any CPU.Build.0 = Release|Any CPU
		{A065A122-43FE-4797-A20A-A10E15B16E2D}.Debug|Any CPU.ActiveCfg = Debug|Any CPU
		{A065A122-43FE-4797-A20A-A10E15B16E2D}.Debug|Any CPU.Build.0 = Debug|Any CPU
		{A065A122-43FE-4797-A20A-A10E15B16E2D}.Release|Any CPU.ActiveCfg = Release|Any CPU
		{A065A122-43FE-4797-A20A-A10E15B16E2D}.Release|Any CPU.Build.0 = Release|Any CPU
		{0D9E4269-ABC5-467B-B0C7-270D9F7D6F99}.Debug|Any CPU.ActiveCfg = Debug|Any CPU
		{0D9E4269-ABC5-467B-B0C7-270D9F7D6F99}.Debug|Any CPU.Build.0 = Debug|Any CPU
		{0D9E4269-ABC5-467B-B0C7-270D9F7D6F99}.Release|Any CPU.ActiveCfg = Release|Any CPU
		{0D9E4269-ABC5-467B-B0C7-270D9F7D6F99}.Release|Any CPU.Build.0 = Release|Any CPU
	EndGlobalSection
	GlobalSection(SolutionProperties) = preSolution
		HideSolutionNode = FALSE
	EndGlobalSection
	GlobalSection(NestedProjects) = preSolution
		{BD8689DF-E920-4ECB-A36F-11422E2C9635} = {866D5AED-EC51-44D9-9A93-74E55B705ACA}
		{6F8CD3FC-9DCE-46B8-A708-035F88579A3F} = {91E2C1A0-BC83-482F-A2CE-6F6FFB6B1A9F}
		{3A8BED35-18E4-4D29-BD8B-92B494D50AD4} = {91E2C1A0-BC83-482F-A2CE-6F6FFB6B1A9F}
		{E748AB8B-B297-4163-BACD-270F919CF07D} = {A23D5D2E-CB21-4B29-BF5F-721AA7D70FE7}
		{1E61882D-A89C-448A-8914-8F997CE168BE} = {A23D5D2E-CB21-4B29-BF5F-721AA7D70FE7}
		{ED21942B-AD75-4463-A39D-457B83FBDF0D} = {91E2C1A0-BC83-482F-A2CE-6F6FFB6B1A9F}
		{8D442AC2-A638-4522-B6F3-9F7AF334A973} = {91E2C1A0-BC83-482F-A2CE-6F6FFB6B1A9F}
		{719EECBA-18B5-468A-B292-4BC12DCCD333} = {91E2C1A0-BC83-482F-A2CE-6F6FFB6B1A9F}
		{5F97E67C-C63F-42CB-A57C-6AB7F3BDE728} = {A23D5D2E-CB21-4B29-BF5F-721AA7D70FE7}
		{50D348A3-4B05-4125-86D5-3397339BD910} = {A23D5D2E-CB21-4B29-BF5F-721AA7D70FE7}
		{A065A122-43FE-4797-A20A-A10E15B16E2D} = {A23D5D2E-CB21-4B29-BF5F-721AA7D70FE7}
		{0D9E4269-ABC5-467B-B0C7-270D9F7D6F99} = {A23D5D2E-CB21-4B29-BF5F-721AA7D70FE7}
	EndGlobalSection
	GlobalSection(ExtensibilityGlobals) = postSolution
		SolutionGuid = {64F5C221-5A52-4B5C-9656-69CD43AEF9E4}
	EndGlobalSection
EndGlobal
